// !$*UTF8*$!
{
	archiveVersion = 1;
	classes = {
	};
	objectVersion = 46;
	objects = {

/* Begin PBXBuildFile section */
		E43A56951D9EE72800DBC644 /* MonsterImage.swift in Sources */ = {isa = PBXBuildFile; fileRef = E43A56941D9EE72800DBC644 /* MonsterImage.swift */; };
		E43A56971D9EE73F00DBC644 /* DragImage.swift in Sources */ = {isa = PBXBuildFile; fileRef = E43A56961D9EE73F00DBC644 /* DragImage.swift */; };
		E43A569D1D9F022F00DBC644 /* cave-music.mp3 in Resources */ = {isa = PBXBuildFile; fileRef = E43A56981D9F022F00DBC644 /* cave-music.mp3 */; };
		E43A569E1D9F022F00DBC644 /* death.wav in Resources */ = {isa = PBXBuildFile; fileRef = E43A56991D9F022F00DBC644 /* death.wav */; };
		E43A569F1D9F022F00DBC644 /* heart.wav in Resources */ = {isa = PBXBuildFile; fileRef = E43A569A1D9F022F00DBC644 /* heart.wav */; };
		E43A56A01D9F022F00DBC644 /* skull.wav in Resources */ = {isa = PBXBuildFile; fileRef = E43A569B1D9F022F00DBC644 /* skull.wav */; };
		E43A56A11D9F022F00DBC644 /* bite.wav in Resources */ = {isa = PBXBuildFile; fileRef = E43A569C1D9F022F00DBC644 /* bite.wav */; };
		E45C8ABF1D9E1CAC00104AEB /* AppDelegate.swift in Sources */ = {isa = PBXBuildFile; fileRef = E45C8ABE1D9E1CAC00104AEB /* AppDelegate.swift */; };
		E45C8AC11D9E1CAC00104AEB /* ViewController.swift in Sources */ = {isa = PBXBuildFile; fileRef = E45C8AC01D9E1CAC00104AEB /* ViewController.swift */; };
		E45C8AC41D9E1CAC00104AEB /* Main.storyboard in Resources */ = {isa = PBXBuildFile; fileRef = E45C8AC21D9E1CAC00104AEB /* Main.storyboard */; };
		E45C8AC61D9E1CAC00104AEB /* Assets.xcassets in Resources */ = {isa = PBXBuildFile; fileRef = E45C8AC51D9E1CAC00104AEB /* Assets.xcassets */; };
		E45C8AC91D9E1CAC00104AEB /* LaunchScreen.storyboard in Resources */ = {isa = PBXBuildFile; fileRef = E45C8AC71D9E1CAC00104AEB /* LaunchScreen.storyboard */; };
/* End PBXBuildFile section */

/* Begin PBXFileReference section */
		E43A56941D9EE72800DBC644 /* MonsterImage.swift */ = {isa = PBXFileReference; fileEncoding = 4; lastKnownFileType = sourcecode.swift; path = MonsterImage.swift; sourceTree = "<group>"; };
		E43A56961D9EE73F00DBC644 /* DragImage.swift */ = {isa = PBXFileReference; fileEncoding = 4; lastKnownFileType = sourcecode.swift; path = DragImage.swift; sourceTree = "<group>"; };
		E43A56981D9F022F00DBC644 /* cave-music.mp3 */ = {isa = PBXFileReference; lastKnownFileType = audio.mp3; path = "cave-music.mp3"; sourceTree = "<group>"; };
		E43A56991D9F022F00DBC644 /* death.wav */ = {isa = PBXFileReference; lastKnownFileType = audio.wav; path = death.wav; sourceTree = "<group>"; };
		E43A569A1D9F022F00DBC644 /* heart.wav */ = {isa = PBXFileReference; lastKnownFileType = audio.wav; path = heart.wav; sourceTree = "<group>"; };
		E43A569B1D9F022F00DBC644 /* skull.wav */ = {isa = PBXFileReference; lastKnownFileType = audio.wav; path = skull.wav; sourceTree = "<group>"; };
		E43A569C1D9F022F00DBC644 /* bite.wav */ = {isa = PBXFileReference; lastKnownFileType = audio.wav; path = bite.wav; sourceTree = "<group>"; };
		E45C8ABB1D9E1CAC00104AEB /* MyLittleMonster.app */ = {isa = PBXFileReference; explicitFileType = wrapper.application; includeInIndex = 0; path = MyLittleMonster.app; sourceTree = BUILT_PRODUCTS_DIR; };
		E45C8ABE1D9E1CAC00104AEB /* AppDelegate.swift */ = {isa = PBXFileReference; lastKnownFileType = sourcecode.swift; path = AppDelegate.swift; sourceTree = "<group>"; };
		E45C8AC01D9E1CAC00104AEB /* ViewController.swift */ = {isa = PBXFileReference; lastKnownFileType = sourcecode.swift; path = ViewController.swift; sourceTree = "<group>"; };
		E45C8AC31D9E1CAC00104AEB /* Base */ = {isa = PBXFileReference; lastKnownFileType = file.storyboard; name = Base; path = Base.lproj/Main.storyboard; sourceTree = "<group>"; };
		E45C8AC51D9E1CAC00104AEB /* Assets.xcassets */ = {isa = PBXFileReference; lastKnownFileType = folder.assetcatalog; path = Assets.xcassets; sourceTree = "<group>"; };
		E45C8AC81D9E1CAC00104AEB /* Base */ = {isa = PBXFileReference; lastKnownFileType = file.storyboard; name = Base; path = Base.lproj/LaunchScreen.storyboard; sourceTree = "<group>"; };
		E45C8ACA1D9E1CAC00104AEB /* Info.plist */ = {isa = PBXFileReference; lastKnownFileType = text.plist.xml; path = Info.plist; sourceTree = "<group>"; };
/* End PBXFileReference section */

/* Begin PBXFrameworksBuildPhase section */
		E45C8AB81D9E1CAB00104AEB /* Frameworks */ = {
			isa = PBXFrameworksBuildPhase;
			buildActionMask = 2147483647;
			files = (
			);
			runOnlyForDeploymentPostprocessing = 0;
		};
/* End PBXFrameworksBuildPhase section */

/* Begin PBXGroup section */
		E45C8AB21D9E1CAB00104AEB = {
			isa = PBXGroup;
			children = (
				E45C8ABD1D9E1CAC00104AEB /* MyLittleMonster */,
				E45C8ABC1D9E1CAC00104AEB /* Products */,
			);
			sourceTree = "<group>";
		};
		E45C8ABC1D9E1CAC00104AEB /* Products */ = {
			isa = PBXGroup;
			children = (
				E45C8ABB1D9E1CAC00104AEB /* MyLittleMonster.app */,
			);
			name = Products;
			sourceTree = "<group>";
		};
		E45C8ABD1D9E1CAC00104AEB /* MyLittleMonster */ = {
			isa = PBXGroup;
			children = (
				E43A56981D9F022F00DBC644 /* cave-music.mp3 */,
				E43A56991D9F022F00DBC644 /* death.wav */,
				E43A569A1D9F022F00DBC644 /* heart.wav */,
				E43A569B1D9F022F00DBC644 /* skull.wav */,
				E43A569C1D9F022F00DBC644 /* bite.wav */,
				E45C8ABE1D9E1CAC00104AEB /* AppDelegate.swift */,
				E45C8AC01D9E1CAC00104AEB /* ViewController.swift */,
				E45C8AC21D9E1CAC00104AEB /* Main.storyboard */,
				E45C8AC51D9E1CAC00104AEB /* Assets.xcassets */,
				E45C8AC71D9E1CAC00104AEB /* LaunchScreen.storyboard */,
				E45C8ACA1D9E1CAC00104AEB /* Info.plist */,
				E43A56941D9EE72800DBC644 /* MonsterImage.swift */,
				E43A56961D9EE73F00DBC644 /* DragImage.swift */,
			);
			path = MyLittleMonster;
			sourceTree = "<group>";
		};
/* End PBXGroup section */

/* Begin PBXNativeTarget section */
		E45C8ABA1D9E1CAB00104AEB /* MyLittleMonster */ = {
			isa = PBXNativeTarget;
			buildConfigurationList = E45C8ACD1D9E1CAC00104AEB /* Build configuration list for PBXNativeTarget "MyLittleMonster" */;
			buildPhases = (
				E45C8AB71D9E1CAB00104AEB /* Sources */,
				E45C8AB81D9E1CAB00104AEB /* Frameworks */,
				E45C8AB91D9E1CAB00104AEB /* Resources */,
			);
			buildRules = (
			);
			dependencies = (
			);
			name = MyLittleMonster;
			productName = MyLittleMonster;
			productReference = E45C8ABB1D9E1CAC00104AEB /* MyLittleMonster.app */;
			productType = "com.apple.product-type.application";
		};
/* End PBXNativeTarget section */

/* Begin PBXProject section */
		E45C8AB31D9E1CAB00104AEB /* Project object */ = {
			isa = PBXProject;
			attributes = {
				LastSwiftUpdateCheck = 0800;
				LastUpgradeCheck = 0800;
				ORGANIZATIONNAME = FlyGoody;
				TargetAttributes = {
					E45C8ABA1D9E1CAB00104AEB = {
						CreatedOnToolsVersion = 8.0;
						DevelopmentTeam = NEVW449WYL;
						ProvisioningStyle = Automatic;
					};
				};
			};
			buildConfigurationList = E45C8AB61D9E1CAB00104AEB /* Build configuration list for PBXProject "MyLittleMonster" */;
			compatibilityVersion = "Xcode 3.2";
			developmentRegion = English;
			hasScannedForEncodings = 0;
			knownRegions = (
				en,
				Base,
			);
			mainGroup = E45C8AB21D9E1CAB00104AEB;
			productRefGroup = E45C8ABC1D9E1CAC00104AEB /* Products */;
			projectDirPath = "";
			projectRoot = "";
			targets = (
				E45C8ABA1D9E1CAB00104AEB /* MyLittleMonster */,
			);
		};
/* End PBXProject section */

/* Begin PBXResourcesBuildPhase section */
		E45C8AB91D9E1CAB00104AEB /* Resources */ = {
			isa = PBXResourcesBuildPhase;
			buildActionMask = 2147483647;
			files = (
				E43A56A11D9F022F00DBC644 /* bite.wav in Resources */,
				E43A569E1D9F022F00DBC644 /* death.wav in Resources */,
				E43A569F1D9F022F00DBC644 /* heart.wav in Resources */,
				E43A56A01D9F022F00DBC644 /* skull.wav in Resources */,
				E45C8AC91D9E1CAC00104AEB /* LaunchScreen.storyboard in Resources */,
				E43A569D1D9F022F00DBC644 /* cave-music.mp3 in Resources */,
				E45C8AC61D9E1CAC00104AEB /* Assets.xcassets in Resources */,
				E45C8AC41D9E1CAC00104AEB /* Main.storyboard in Resources */,
			);
			runOnlyForDeploymentPostprocessing = 0;
		};
/* End PBXResourcesBuildPhase section */

/* Begin PBXSourcesBuildPhase section */
		E45C8AB71D9E1CAB00104AEB /* Sources */ = {
			isa = PBXSourcesBuildPhase;
			buildActionMask = 2147483647;
			files = (
				E45C8AC11D9E1CAC00104AEB /* ViewController.swift in Sources */,
				E43A56951D9EE72800DBC644 /* MonsterImage.swift in Sources */,
				E45C8ABF1D9E1CAC00104AEB /* AppDelegate.swift in Sources */,
				E43A56971D9EE73F00DBC644 /* DragImage.swift in Sources */,
			);
			runOnlyForDeploymentPostprocessing = 0;
		};
/* End PBXSourcesBuildPhase section */

/* Begin PBXVariantGroup section */
		E45C8AC21D9E1CAC00104AEB /* Main.storyboard */ = {
			isa = PBXVariantGroup;
			children = (
				E45C8AC31D9E1CAC00104AEB /* Base */,
			);
			name = Main.storyboard;
			sourceTree = "<group>";
		};
		E45C8AC71D9E1CAC00104AEB /* LaunchScreen.storyboard */ = {
			isa = PBXVariantGroup;
			children = (
				E45C8AC81D9E1CAC00104AEB /* Base */,
			);
			name = LaunchScreen.storyboard;
			sourceTree = "<group>";
		};
/* End PBXVariantGroup section */

/* Begin XCBuildConfiguration section */
		E45C8ACB1D9E1CAC00104AEB /* Debug */ = {
			isa = XCBuildConfiguration;
			buildSettings = {
				ALWAYS_SEARCH_USER_PATHS = NO;
				CLANG_ANALYZER_NONNULL = YES;
				CLANG_CXX_LANGUAGE_STANDARD = "gnu++0x";
				CLANG_CXX_LIBRARY = "libc++";
				CLANG_ENABLE_MODULES = YES;
				CLANG_ENABLE_OBJC_ARC = YES;
				CLANG_WARN_BOOL_CONVERSION = YES;
				CLANG_WARN_CONSTANT_CONVERSION = YES;
				CLANG_WARN_DIRECT_OBJC_ISA_USAGE = YES_ERROR;
				CLANG_WARN_DOCUMENTATION_COMMENTS = YES;
				CLANG_WARN_EMPTY_BODY = YES;
				CLANG_WARN_ENUM_CONVERSION = YES;
				CLANG_WARN_INFINITE_RECURSION = YES;
				CLANG_WARN_INT_CONVERSION = YES;
				CLANG_WARN_OBJC_ROOT_CLASS = YES_ERROR;
				CLANG_WARN_SUSPICIOUS_MOVES = YES;
				CLANG_WARN_UNREACHABLE_CODE = YES;
				CLANG_WARN__DUPLICATE_METHOD_MATCH = YES;
				"CODE_SIGN_IDENTITY[sdk=iphoneos*]" = "iPhone Developer";
				COPY_PHASE_STRIP = NO;
				DEBUG_INFORMATION_FORMAT = dwarf;
				ENABLE_STRICT_OBJC_MSGSEND = YES;
				ENABLE_TESTABILITY = YES;
				GCC_C_LANGUAGE_STANDARD = gnu99;
				GCC_DYNAMIC_NO_PIC = NO;
				GCC_NO_COMMON_BLOCKS = YES;
				GCC_OPTIMIZATION_LEVEL = 0;
				GCC_PREPROCESSOR_DEFINITIONS = (
					"DEBUG=1",
					"$(inherited)",
				);
				GCC_WARN_64_TO_32_BIT_CONVERSION = YES;
				GCC_WARN_ABOUT_RETURN_TYPE = YES_ERROR;
				GCC_WARN_UNDECLARED_SELECTOR = YES;
				GCC_WARN_UNINITIALIZED_AUTOS = YES_AGGRESSIVE;
				GCC_WARN_UNUSED_FUNCTION = YES;
				GCC_WARN_UNUSED_VARIABLE = YES;
				IPHONEOS_DEPLOYMENT_TARGET = 10.0;
				MTL_ENABLE_DEBUG_INFO = YES;
				ONLY_ACTIVE_ARCH = YES;
				SDKROOT = iphoneos;
				SWIFT_ACTIVE_COMPILATION_CONDITIONS = DEBUG;
				SWIFT_OPTIMIZATION_LEVEL = "-Onone";
				TARGETED_DEVICE_FAMILY = "1,2";
			};
			name = Debug;
		};
		E45C8ACC1D9E1CAC00104AEB /* Release */ = {
			isa = XCBuildConfiguration;
			buildSettings = {
				ALWAYS_SEARCH_USER_PATHS = NO;
				CLANG_ANALYZER_NONNULL = YES;
				CLANG_CXX_LANGUAGE_STANDARD = "gnu++0x";
				CLANG_CXX_LIBRARY = "libc++";
				CLANG_ENABLE_MODULES = YES;
				CLANG_ENABLE_OBJC_ARC = YES;
				CLANG_WARN_BOOL_CONVERSION = YES;
				CLANG_WARN_CONSTANT_CONVERSION = YES;
				CLANG_WARN_DIRECT_OBJC_ISA_USAGE = YES_ERROR;
				CLANG_WARN_DOCUMENTATION_COMMENTS = YES;
				CLANG_WARN_EMPTY_BODY = YES;
				CLANG_WARN_ENUM_CONVERSION = YES;
				CLANG_WARN_INFINITE_RECURSION = YES;
				CLANG_WARN_INT_CONVERSION = YES;
				CLANG_WARN_OBJC_ROOT_CLASS = YES_ERROR;
				CLANG_WARN_SUSPICIOUS_MOVES = YES;
				CLANG_WARN_UNREACHABLE_CODE = YES;
				CLANG_WARN__DUPLICATE_METHOD_MATCH = YES;
				"CODE_SIGN_IDENTITY[sdk=iphoneos*]" = "iPhone Developer";
				COPY_PHASE_STRIP = NO;
				DEBUG_INFORMATION_FORMAT = "dwarf-with-dsym";
				ENABLE_NS_ASSERTIONS = NO;
				ENABLE_STRICT_OBJC_MSGSEND = YES;
				GCC_C_LANGUAGE_STANDARD = gnu99;
				GCC_NO_COMMON_BLOCKS = YES;
				GCC_WARN_64_TO_32_BIT_CONVERSION = YES;
				GCC_WARN_ABOUT_RETURN_TYPE = YES_ERROR;
				GCC_WARN_UNDECLARED_SELECTOR = YES;
				GCC_WARN_UNINITIALIZED_AUTOS = YES_AGGRESSIVE;
				GCC_WARN_UNUSED_FUNCTION = YES;
				GCC_WARN_UNUSED_VARIABLE = YES;
				IPHONEOS_DEPLOYMENT_TARGET = 10.0;
				MTL_ENABLE_DEBUG_INFO = NO;
				SDKROOT = iphoneos;
				SWIFT_OPTIMIZATION_LEVEL = "-Owholemodule";
				TARGETED_DEVICE_FAMILY = "1,2";
				VALIDATE_PRODUCT = YES;
			};
			name = Release;
		};
		E45C8ACE1D9E1CAC00104AEB /* Debug */ = {
			isa = XCBuildConfiguration;
			buildSettings = {
				ASSETCATALOG_COMPILER_APPICON_NAME = AppIcon;
				DEVELOPMENT_TEAM = NEVW449WYL;
				INFOPLIST_FILE = MyLittleMonster/Info.plist;
				LD_RUNPATH_SEARCH_PATHS = "$(inherited) @executable_path/Frameworks";
				PRODUCT_BUNDLE_IDENTIFIER = com.FlyGoody.MyLittleMonster;
				PRODUCT_NAME = "$(TARGET_NAME)";
				SWIFT_VERSION = 3.0;
				TARGETED_DEVICE_FAMILY = 1;
			};
			name = Debug;
		};
		E45C8ACF1D9E1CAC00104AEB /* Release */ = {
			isa = XCBuildConfiguration;
			buildSettings = {
				ASSETCATALOG_COMPILER_APPICON_NAME = AppIcon;
				DEVELOPMENT_TEAM = NEVW449WYL;
				INFOPLIST_FILE = MyLittleMonster/Info.plist;
				LD_RUNPATH_SEARCH_PATHS = "$(inherited) @executable_path/Frameworks";
				PRODUCT_BUNDLE_IDENTIFIER = com.FlyGoody.MyLittleMonster;
				PRODUCT_NAME = "$(TARGET_NAME)";
				SWIFT_VERSION = 3.0;
				TARGETED_DEVICE_FAMILY = 1;
			};
			name = Release;
		};
/* End XCBuildConfiguration section */

/* Begin XCConfigurationList section */
		E45C8AB61D9E1CAB00104AEB /* Build configuration list for PBXProject "MyLittleMonster" */ = {
			isa = XCConfigurationList;
			buildConfigurations = (
				E45C8ACB1D9E1CAC00104AEB /* Debug */,
				E45C8ACC1D9E1CAC00104AEB /* Release */,
			);
			defaultConfigurationIsVisible = 0;
			defaultConfigurationName = Release;
		};
		E45C8ACD1D9E1CAC00104AEB /* Build configuration list for PBXNativeTarget "MyLittleMonster" */ = {
			isa = XCConfigurationList;
			buildConfigurations = (
				E45C8ACE1D9E1CAC00104AEB /* Debug */,
				E45C8ACF1D9E1CAC00104AEB /* Release */,
			);
			defaultConfigurationIsVisible = 0;
			defaultConfigurationName = Release;
		};
/* End XCConfigurationList section */
	};
	rootObject = E45C8AB31D9E1CAB00104AEB /* Project object */;
}
